
Microsoft Visual Studio Solution File, Format Version 12.00
# Visual Studio Version 17
VisualStudioVersion = 17.8.34525.116
MinimumVisualStudioVersion = 10.0.40219.1
Project("{FAE04EC0-301F-11D3-BF4B-00C04F79EFBC}") = "ODataASPEight", "ODataASPEight\ODataASPEight.csproj", "{1B8CA079-7DDA-4A0E-B334-5D2C043A4CFA}"
EndProject
Global
	GlobalSection(SolutionConfigurationPlatforms) = preSolution
		Debug|Any CPU = Debug|Any CPU
		Release|Any CPU = Release|Any CPU
	EndGlobalSection
	GlobalSection(ProjectConfigurationPlatforms) = postSolution
		{1B8CA079-7DDA-4A0E-B334-5D2C043A4CFA}.Debug|Any CPU.ActiveCfg = Debug|Any CPU
		{1B8CA079-7DDA-4A0E-B334-5D2C043A4CFA}.Debug|Any CPU.Build.0 = Debug|Any CPU
		{1B8CA079-7DDA-4A0E-B334-5D2C043A4CFA}.Release|Any CPU.ActiveCfg = Release|Any CPU
		{1B8CA079-7DDA-4A0E-B334-5D2C043A4CFA}.Release|Any CPU.Build.0 = Release|Any CPU
	EndGlobalSection
	GlobalSection(SolutionProperties) = preSolution
		HideSolutionNode = FALSE
	EndGlobalSection
	GlobalSection(ExtensibilityGlobals) = postSolution
		SolutionGuid = {F8E05E45-468A-401B-979C-D4D6F4011BC6}
	EndGlobalSection
EndGlobal
