
Microsoft Visual Studio Solution File, Format Version 12.00
# Visual Studio Version 17
VisualStudioVersion = 17.8.34601.278
MinimumVisualStudioVersion = 10.0.40219.1
Project("{FAE04EC0-301F-11D3-BF4B-00C04F79EFBC}") = "Lab01", "Lab01\Lab01.csproj", "{3721BB87-0A8D-4BCC-8BC5-7AED4C6B7749}"
EndProject
Global
	GlobalSection(SolutionConfigurationPlatforms) = preSolution
		Debug|Any CPU = Debug|Any CPU
		Release|Any CPU = Release|Any CPU
	EndGlobalSection
	GlobalSection(ProjectConfigurationPlatforms) = postSolution
		{3721BB87-0A8D-4BCC-8BC5-7AED4C6B7749}.Debug|Any CPU.ActiveCfg = Debug|Any CPU
		{3721BB87-0A8D-4BCC-8BC5-7AED4C6B7749}.Debug|Any CPU.Build.0 = Debug|Any CPU
		{3721BB87-0A8D-4BCC-8BC5-7AED4C6B7749}.Release|Any CPU.ActiveCfg = Release|Any CPU
		{3721BB87-0A8D-4BCC-8BC5-7AED4C6B7749}.Release|Any CPU.Build.0 = Release|Any CPU
	EndGlobalSection
	GlobalSection(SolutionProperties) = preSolution
		HideSolutionNode = FALSE
	EndGlobalSection
	GlobalSection(ExtensibilityGlobals) = postSolution
		SolutionGuid = {47D3B283-EDD4-4485-8EDA-A6D678316574}
	EndGlobalSection
EndGlobal
